
Microsoft Visual Studio Solution File, Format Version 12.00
Project("{FAE04EC0-301F-11D3-BF4B-00C04F79EFBC}") = "TemporalTables", "TemporalTables.csproj", "{4E120370-0EC9-40A8-9F8B-7DC173670B1E}"
EndProject
Global
	GlobalSection(SolutionConfigurationPlatforms) = preSolution
		Debug|Any CPU = Debug|Any CPU
		Release|Any CPU = Release|Any CPU
	EndGlobalSection
	GlobalSection(ProjectConfigurationPlatforms) = postSolution
		{4E120370-0EC9-40A8-9F8B-7DC173670B1E}.Debug|Any CPU.ActiveCfg = Debug|Any CPU
		{4E120370-0EC9-40A8-9F8B-7DC173670B1E}.Debug|Any CPU.Build.0 = Debug|Any CPU
		{4E120370-0EC9-40A8-9F8B-7DC173670B1E}.Release|Any CPU.ActiveCfg = Release|Any CPU
		{4E120370-0EC9-40A8-9F8B-7DC173670B1E}.Release|Any CPU.Build.0 = Release|Any CPU
	EndGlobalSection
EndGlobal
